// !$*UTF8*$!
{
	archiveVersion = 1;
	classes = {
	};
	objectVersion = 46;
	objects = {

/* Begin PBXBuildFile section */
		9689C8181BA9019E0063C2BD /* AppDelegate.swift in Sources */ = {isa = PBXBuildFile; fileRef = 9689C8171BA9019E0063C2BD /* AppDelegate.swift */; };
		9689C81A1BA9019E0063C2BD /* ViewController.swift in Sources */ = {isa = PBXBuildFile; fileRef = 9689C8191BA9019E0063C2BD /* ViewController.swift */; };
		9689C81D1BA9019E0063C2BD /* Main.storyboard in Resources */ = {isa = PBXBuildFile; fileRef = 9689C81B1BA9019E0063C2BD /* Main.storyboard */; };
		9689C81F1BA9019E0063C2BD /* Images.xcassets in Resources */ = {isa = PBXBuildFile; fileRef = 9689C81E1BA9019E0063C2BD /* Images.xcassets */; };
		9689C8221BA9019E0063C2BD /* LaunchScreen.xib in Resources */ = {isa = PBXBuildFile; fileRef = 9689C8201BA9019E0063C2BD /* LaunchScreen.xib */; };
		9689C82E1BA9019F0063C2BD /* TKSwipeDataDemoTests.swift in Sources */ = {isa = PBXBuildFile; fileRef = 9689C82D1BA9019F0063C2BD /* TKSwipeDataDemoTests.swift */; };
		9689C8391BA903550063C2BD /* TKSwipeData.swift in Sources */ = {isa = PBXBuildFile; fileRef = 9689C8381BA903550063C2BD /* TKSwipeData.swift */; };
		9689C83A1BA921070063C2BD /* TKSwipeData.swift in Sources */ = {isa = PBXBuildFile; fileRef = 9689C8381BA903550063C2BD /* TKSwipeData.swift */; };
/* End PBXBuildFile section */

/* Begin PBXContainerItemProxy section */
		9689C8281BA9019F0063C2BD /* PBXContainerItemProxy */ = {
			isa = PBXContainerItemProxy;
			containerPortal = 9689C80A1BA9019E0063C2BD /* Project object */;
			proxyType = 1;
			remoteGlobalIDString = 9689C8111BA9019E0063C2BD;
			remoteInfo = TKSwipeDataDemo;
		};
/* End PBXContainerItemProxy section */

/* Begin PBXFileReference section */
		9689C8121BA9019E0063C2BD /* TKSwipeDataDemo.app */ = {isa = PBXFileReference; explicitFileType = wrapper.application; includeInIndex = 0; path = TKSwipeDataDemo.app; sourceTree = BUILT_PRODUCTS_DIR; };
		9689C8161BA9019E0063C2BD /* Info.plist */ = {isa = PBXFileReference; lastKnownFileType = text.plist.xml; path = Info.plist; sourceTree = "<group>"; };
		9689C8171BA9019E0063C2BD /* AppDelegate.swift */ = {isa = PBXFileReference; lastKnownFileType = sourcecode.swift; path = AppDelegate.swift; sourceTree = "<group>"; };
		9689C8191BA9019E0063C2BD /* ViewController.swift */ = {isa = PBXFileReference; lastKnownFileType = sourcecode.swift; path = ViewController.swift; sourceTree = "<group>"; };
		9689C81C1BA9019E0063C2BD /* Base */ = {isa = PBXFileReference; lastKnownFileType = file.storyboard; name = Base; path = Base.lproj/Main.storyboard; sourceTree = "<group>"; };
		9689C81E1BA9019E0063C2BD /* Images.xcassets */ = {isa = PBXFileReference; lastKnownFileType = folder.assetcatalog; path = Images.xcassets; sourceTree = "<group>"; };
		9689C8211BA9019E0063C2BD /* Base */ = {isa = PBXFileReference; lastKnownFileType = file.xib; name = Base; path = Base.lproj/LaunchScreen.xib; sourceTree = "<group>"; };
		9689C8271BA9019F0063C2BD /* TKSwipeDataDemoTests.xctest */ = {isa = PBXFileReference; explicitFileType = wrapper.cfbundle; includeInIndex = 0; path = TKSwipeDataDemoTests.xctest; sourceTree = BUILT_PRODUCTS_DIR; };
		9689C82C1BA9019F0063C2BD /* Info.plist */ = {isa = PBXFileReference; lastKnownFileType = text.plist.xml; path = Info.plist; sourceTree = "<group>"; };
		9689C82D1BA9019F0063C2BD /* TKSwipeDataDemoTests.swift */ = {isa = PBXFileReference; lastKnownFileType = sourcecode.swift; path = TKSwipeDataDemoTests.swift; sourceTree = "<group>"; };
		9689C8381BA903550063C2BD /* TKSwipeData.swift */ = {isa = PBXFileReference; fileEncoding = 4; lastKnownFileType = sourcecode.swift; name = TKSwipeData.swift; path = TKSwiftData/TKSwipeData.swift; sourceTree = "<group>"; };
/* End PBXFileReference section */

/* Begin PBXFrameworksBuildPhase section */
		9689C80F1BA9019E0063C2BD /* Frameworks */ = {
			isa = PBXFrameworksBuildPhase;
			buildActionMask = 2147483647;
			files = (
			);
			runOnlyForDeploymentPostprocessing = 0;
		};
		9689C8241BA9019F0063C2BD /* Frameworks */ = {
			isa = PBXFrameworksBuildPhase;
			buildActionMask = 2147483647;
			files = (
			);
			runOnlyForDeploymentPostprocessing = 0;
		};
/* End PBXFrameworksBuildPhase section */

/* Begin PBXGroup section */
		9689C8091BA9019E0063C2BD = {
			isa = PBXGroup;
			children = (
				9689C8141BA9019E0063C2BD /* TKSwipeDataDemo */,
				9689C82A1BA9019F0063C2BD /* TKSwipeDataDemoTests */,
				9689C8131BA9019E0063C2BD /* Products */,
			);
			sourceTree = "<group>";
		};
		9689C8131BA9019E0063C2BD /* Products */ = {
			isa = PBXGroup;
			children = (
				9689C8121BA9019E0063C2BD /* TKSwipeDataDemo.app */,
				9689C8271BA9019F0063C2BD /* TKSwipeDataDemoTests.xctest */,
			);
			name = Products;
			sourceTree = "<group>";
		};
		9689C8141BA9019E0063C2BD /* TKSwipeDataDemo */ = {
			isa = PBXGroup;
			children = (
				9689C8371BA903380063C2BD /* TKSwipeData */,
				9689C8171BA9019E0063C2BD /* AppDelegate.swift */,
				9689C8191BA9019E0063C2BD /* ViewController.swift */,
				9689C81B1BA9019E0063C2BD /* Main.storyboard */,
				9689C8201BA9019E0063C2BD /* LaunchScreen.xib */,
				9689C81E1BA9019E0063C2BD /* Images.xcassets */,
				9689C8151BA9019E0063C2BD /* Supporting Files */,
			);
			path = TKSwipeDataDemo;
			sourceTree = "<group>";
		};
		9689C8151BA9019E0063C2BD /* Supporting Files */ = {
			isa = PBXGroup;
			children = (
				9689C8161BA9019E0063C2BD /* Info.plist */,
			);
			name = "Supporting Files";
			sourceTree = "<group>";
		};
		9689C82A1BA9019F0063C2BD /* TKSwipeDataDemoTests */ = {
			isa = PBXGroup;
			children = (
				9689C82D1BA9019F0063C2BD /* TKSwipeDataDemoTests.swift */,
				9689C82B1BA9019F0063C2BD /* Supporting Files */,
			);
			path = TKSwipeDataDemoTests;
			sourceTree = "<group>";
		};
		9689C82B1BA9019F0063C2BD /* Supporting Files */ = {
			isa = PBXGroup;
			children = (
				9689C82C1BA9019F0063C2BD /* Info.plist */,
			);
			name = "Supporting Files";
			sourceTree = "<group>";
		};
		9689C8371BA903380063C2BD /* TKSwipeData */ = {
			isa = PBXGroup;
			children = (
				9689C8381BA903550063C2BD /* TKSwipeData.swift */,
			);
			name = TKSwipeData;
			sourceTree = "<group>";
		};
/* End PBXGroup section */

/* Begin PBXNativeTarget section */
		9689C8111BA9019E0063C2BD /* TKSwipeDataDemo */ = {
			isa = PBXNativeTarget;
			buildConfigurationList = 9689C8311BA9019F0063C2BD /* Build configuration list for PBXNativeTarget "TKSwipeDataDemo" */;
			buildPhases = (
				9689C80E1BA9019E0063C2BD /* Sources */,
				9689C80F1BA9019E0063C2BD /* Frameworks */,
				9689C8101BA9019E0063C2BD /* Resources */,
			);
			buildRules = (
			);
			dependencies = (
			);
			name = TKSwipeDataDemo;
			productName = TKSwipeDataDemo;
			productReference = 9689C8121BA9019E0063C2BD /* TKSwipeDataDemo.app */;
			productType = "com.apple.product-type.application";
		};
		9689C8261BA9019F0063C2BD /* TKSwipeDataDemoTests */ = {
			isa = PBXNativeTarget;
			buildConfigurationList = 9689C8341BA9019F0063C2BD /* Build configuration list for PBXNativeTarget "TKSwipeDataDemoTests" */;
			buildPhases = (
				9689C8231BA9019F0063C2BD /* Sources */,
				9689C8241BA9019F0063C2BD /* Frameworks */,
				9689C8251BA9019F0063C2BD /* Resources */,
			);
			buildRules = (
			);
			dependencies = (
				9689C8291BA9019F0063C2BD /* PBXTargetDependency */,
			);
			name = TKSwipeDataDemoTests;
			productName = TKSwipeDataDemoTests;
			productReference = 9689C8271BA9019F0063C2BD /* TKSwipeDataDemoTests.xctest */;
			productType = "com.apple.product-type.bundle.unit-test";
		};
/* End PBXNativeTarget section */

/* Begin PBXProject section */
		9689C80A1BA9019E0063C2BD /* Project object */ = {
			isa = PBXProject;
			attributes = {
				LastUpgradeCheck = 0640;
				ORGANIZATIONNAME = "Trent Kocurek";
				TargetAttributes = {
					9689C8111BA9019E0063C2BD = {
						CreatedOnToolsVersion = 6.4;
					};
					9689C8261BA9019F0063C2BD = {
						CreatedOnToolsVersion = 6.4;
						TestTargetID = 9689C8111BA9019E0063C2BD;
					};
				};
			};
			buildConfigurationList = 9689C80D1BA9019E0063C2BD /* Build configuration list for PBXProject "TKSwipeDataDemo" */;
			compatibilityVersion = "Xcode 3.2";
			developmentRegion = English;
			hasScannedForEncodings = 0;
			knownRegions = (
				en,
				Base,
			);
			mainGroup = 9689C8091BA9019E0063C2BD;
			productRefGroup = 9689C8131BA9019E0063C2BD /* Products */;
			projectDirPath = "";
			projectRoot = "";
			targets = (
				9689C8111BA9019E0063C2BD /* TKSwipeDataDemo */,
				9689C8261BA9019F0063C2BD /* TKSwipeDataDemoTests */,
			);
		};
/* End PBXProject section */

/* Begin PBXResourcesBuildPhase section */
		9689C8101BA9019E0063C2BD /* Resources */ = {
			isa = PBXResourcesBuildPhase;
			buildActionMask = 2147483647;
			files = (
				9689C81D1BA9019E0063C2BD /* Main.storyboard in Resources */,
				9689C8221BA9019E0063C2BD /* LaunchScreen.xib in Resources */,
				9689C81F1BA9019E0063C2BD /* Images.xcassets in Resources */,
			);
			runOnlyForDeploymentPostprocessing = 0;
		};
		9689C8251BA9019F0063C2BD /* Resources */ = {
			isa = PBXResourcesBuildPhase;
			buildActionMask = 2147483647;
			files = (
			);
			runOnlyForDeploymentPostprocessing = 0;
		};
/* End PBXResourcesBuildPhase section */

/* Begin PBXSourcesBuildPhase section */
		9689C80E1BA9019E0063C2BD /* Sources */ = {
			isa = PBXSourcesBuildPhase;
			buildActionMask = 2147483647;
			files = (
				9689C81A1BA9019E0063C2BD /* ViewController.swift in Sources */,
				9689C8391BA903550063C2BD /* TKSwipeData.swift in Sources */,
				9689C8181BA9019E0063C2BD /* AppDelegate.swift in Sources */,
			);
			runOnlyForDeploymentPostprocessing = 0;
		};
		9689C8231BA9019F0063C2BD /* Sources */ = {
			isa = PBXSourcesBuildPhase;
			buildActionMask = 2147483647;
			files = (
				9689C82E1BA9019F0063C2BD /* TKSwipeDataDemoTests.swift in Sources */,
				9689C83A1BA921070063C2BD /* TKSwipeData.swift in Sources */,
			);
			runOnlyForDeploymentPostprocessing = 0;
		};
/* End PBXSourcesBuildPhase section */

/* Begin PBXTargetDependency section */
		9689C8291BA9019F0063C2BD /* PBXTargetDependency */ = {
			isa = PBXTargetDependency;
			target = 9689C8111BA9019E0063C2BD /* TKSwipeDataDemo */;
			targetProxy = 9689C8281BA9019F0063C2BD /* PBXContainerItemProxy */;
		};
/* End PBXTargetDependency section */

/* Begin PBXVariantGroup section */
		9689C81B1BA9019E0063C2BD /* Main.storyboard */ = {
			isa = PBXVariantGroup;
			children = (
				9689C81C1BA9019E0063C2BD /* Base */,
			);
			name = Main.storyboard;
			sourceTree = "<group>";
		};
		9689C8201BA9019E0063C2BD /* LaunchScreen.xib */ = {
			isa = PBXVariantGroup;
			children = (
				9689C8211BA9019E0063C2BD /* Base */,
			);
			name = LaunchScreen.xib;
			sourceTree = "<group>";
		};
/* End PBXVariantGroup section */

/* Begin XCBuildConfiguration section */
		9689C82F1BA9019F0063C2BD /* Debug */ = {
			isa = XCBuildConfiguration;
			buildSettings = {
				ALWAYS_SEARCH_USER_PATHS = NO;
				CLANG_CXX_LANGUAGE_STANDARD = "gnu++0x";
				CLANG_CXX_LIBRARY = "libc++";
				CLANG_ENABLE_MODULES = YES;
				CLANG_ENABLE_OBJC_ARC = YES;
				CLANG_WARN_BOOL_CONVERSION = YES;
				CLANG_WARN_CONSTANT_CONVERSION = YES;
				CLANG_WARN_DIRECT_OBJC_ISA_USAGE = YES_ERROR;
				CLANG_WARN_EMPTY_BODY = YES;
				CLANG_WARN_ENUM_CONVERSION = YES;
				CLANG_WARN_INT_CONVERSION = YES;
				CLANG_WARN_OBJC_ROOT_CLASS = YES_ERROR;
				CLANG_WARN_UNREACHABLE_CODE = YES;
				CLANG_WARN__DUPLICATE_METHOD_MATCH = YES;
				"CODE_SIGN_IDENTITY[sdk=iphoneos*]" = "iPhone Developer";
				COPY_PHASE_STRIP = NO;
				DEBUG_INFORMATION_FORMAT = "dwarf-with-dsym";
				ENABLE_STRICT_OBJC_MSGSEND = YES;
				GCC_C_LANGUAGE_STANDARD = gnu99;
				GCC_DYNAMIC_NO_PIC = NO;
				GCC_NO_COMMON_BLOCKS = YES;
				GCC_OPTIMIZATION_LEVEL = 0;
				GCC_PREPROCESSOR_DEFINITIONS = (
					"DEBUG=1",
					"$(inherited)",
				);
				GCC_SYMBOLS_PRIVATE_EXTERN = NO;
				GCC_WARN_64_TO_32_BIT_CONVERSION = YES;
				GCC_WARN_ABOUT_RETURN_TYPE = YES_ERROR;
				GCC_WARN_UNDECLARED_SELECTOR = YES;
				GCC_WARN_UNINITIALIZED_AUTOS = YES_AGGRESSIVE;
				GCC_WARN_UNUSED_FUNCTION = YES;
				GCC_WARN_UNUSED_VARIABLE = YES;
				IPHONEOS_DEPLOYMENT_TARGET = 8.4;
				MTL_ENABLE_DEBUG_INFO = YES;
				ONLY_ACTIVE_ARCH = YES;
				SDKROOT = iphoneos;
				SWIFT_OPTIMIZATION_LEVEL = "-Onone";
			};
			name = Debug;
		};
		9689C8301BA9019F0063C2BD /* Release */ = {
			isa = XCBuildConfiguration;
			buildSettings = {
				ALWAYS_SEARCH_USER_PATHS = NO;
				CLANG_CXX_LANGUAGE_STANDARD = "gnu++0x";
				CLANG_CXX_LIBRARY = "libc++";
				CLANG_ENABLE_MODULES = YES;
				CLANG_ENABLE_OBJC_ARC = YES;
				CLANG_WARN_BOOL_CONVERSION = YES;
				CLANG_WARN_CONSTANT_CONVERSION = YES;
				CLANG_WARN_DIRECT_OBJC_ISA_USAGE = YES_ERROR;
				CLANG_WARN_EMPTY_BODY = YES;
				CLANG_WARN_ENUM_CONVERSION = YES;
				CLANG_WARN_INT_CONVERSION = YES;
				CLANG_WARN_OBJC_ROOT_CLASS = YES_ERROR;
				CLANG_WARN_UNREACHABLE_CODE = YES;
				CLANG_WARN__DUPLICATE_METHOD_MATCH = YES;
				"CODE_SIGN_IDENTITY[sdk=iphoneos*]" = "iPhone Developer";
				COPY_PHASE_STRIP = NO;
				DEBUG_INFORMATION_FORMAT = "dwarf-with-dsym";
				ENABLE_NS_ASSERTIONS = NO;
				ENABLE_STRICT_OBJC_MSGSEND = YES;
				GCC_C_LANGUAGE_STANDARD = gnu99;
				GCC_NO_COMMON_BLOCKS = YES;
				GCC_WARN_64_TO_32_BIT_CONVERSION = YES;
				GCC_WARN_ABOUT_RETURN_TYPE = YES_ERROR;
				GCC_WARN_UNDECLARED_SELECTOR = YES;
				GCC_WARN_UNINITIALIZED_AUTOS = YES_AGGRESSIVE;
				GCC_WARN_UNUSED_FUNCTION = YES;
				GCC_WARN_UNUSED_VARIABLE = YES;
				IPHONEOS_DEPLOYMENT_TARGET = 8.4;
				MTL_ENABLE_DEBUG_INFO = NO;
				SDKROOT = iphoneos;
				VALIDATE_PRODUCT = YES;
			};
			name = Release;
		};
		9689C8321BA9019F0063C2BD /* Debug */ = {
			isa = XCBuildConfiguration;
			buildSettings = {
				ASSETCATALOG_COMPILER_APPICON_NAME = AppIcon;
				INFOPLIST_FILE = TKSwipeDataDemo/Info.plist;
				LD_RUNPATH_SEARCH_PATHS = "$(inherited) @executable_path/Frameworks";
				PRODUCT_NAME = "$(TARGET_NAME)";
			};
			name = Debug;
		};
		9689C8331BA9019F0063C2BD /* Release */ = {
			isa = XCBuildConfiguration;
			buildSettings = {
				ASSETCATALOG_COMPILER_APPICON_NAME = AppIcon;
				INFOPLIST_FILE = TKSwipeDataDemo/Info.plist;
				LD_RUNPATH_SEARCH_PATHS = "$(inherited) @executable_path/Frameworks";
				PRODUCT_NAME = "$(TARGET_NAME)";
			};
			name = Release;
		};
		9689C8351BA9019F0063C2BD /* Debug */ = {
			isa = XCBuildConfiguration;
			buildSettings = {
				BUNDLE_LOADER = "$(TEST_HOST)";
				FRAMEWORK_SEARCH_PATHS = (
					"$(SDKROOT)/Developer/Library/Frameworks",
					"$(inherited)",
				);
				GCC_PREPROCESSOR_DEFINITIONS = (
					"DEBUG=1",
					"$(inherited)",
				);
				INFOPLIST_FILE = TKSwipeDataDemoTests/Info.plist;
				LD_RUNPATH_SEARCH_PATHS = "$(inherited) @executable_path/Frameworks @loader_path/Frameworks";
				PRODUCT_NAME = "$(TARGET_NAME)";
				TEST_HOST = "$(BUILT_PRODUCTS_DIR)/TKSwipeDataDemo.app/TKSwipeDataDemo";
			};
			name = Debug;
		};
		9689C8361BA9019F0063C2BD /* Release */ = {
			isa = XCBuildConfiguration;
			buildSettings = {
				BUNDLE_LOADER = "$(TEST_HOST)";
				FRAMEWORK_SEARCH_PATHS = (
					"$(SDKROOT)/Developer/Library/Frameworks",
					"$(inherited)",
				);
				INFOPLIST_FILE = TKSwipeDataDemoTests/Info.plist;
				LD_RUNPATH_SEARCH_PATHS = "$(inherited) @executable_path/Frameworks @loader_path/Frameworks";
				PRODUCT_NAME = "$(TARGET_NAME)";
				TEST_HOST = "$(BUILT_PRODUCTS_DIR)/TKSwipeDataDemo.app/TKSwipeDataDemo";
			};
			name = Release;
		};
/* End XCBuildConfiguration section */

/* Begin XCConfigurationList section */
		9689C80D1BA9019E0063C2BD /* Build configuration list for PBXProject "TKSwipeDataDemo" */ = {
			isa = XCConfigurationList;
			buildConfigurations = (
				9689C82F1BA9019F0063C2BD /* Debug */,
				9689C8301BA9019F0063C2BD /* Release */,
			);
			defaultConfigurationIsVisible = 0;
			defaultConfigurationName = Release;
		};
		9689C8311BA9019F0063C2BD /* Build configuration list for PBXNativeTarget "TKSwipeDataDemo" */ = {
			isa = XCConfigurationList;
			buildConfigurations = (
				9689C8321BA9019F0063C2BD /* Debug */,
				9689C8331BA9019F0063C2BD /* Release */,
			);
			defaultConfigurationIsVisible = 0;
		};
		9689C8341BA9019F0063C2BD /* Build configuration list for PBXNativeTarget "TKSwipeDataDemoTests" */ = {
			isa = XCConfigurationList;
			buildConfigurations = (
				9689C8351BA9019F0063C2BD /* Debug */,
				9689C8361BA9019F0063C2BD /* Release */,
			);
			defaultConfigurationIsVisible = 0;
		};
/* End XCConfigurationList section */
	};
	rootObject = 9689C80A1BA9019E0063C2BD /* Project object */;
}
